{
  "meteor": {},
  "dependencies": {
    "basePackages": {
      "Mesosphere": {}
    },
    "packages": {
      "Mesosphere": {
        "git": "https://github.com/copleykj/Mesosphere.git",
        "tag": "v0.1.1",
        "commit": "0873e449f7cabb58986b05c9d2b7b3b64bd19a9f"
      },
      "underscore-string": {
        "git": "https://github.com/possibilities/meteor-underscore-string.git",
        "tag": "v2.2.0rc.1",
        "commit": "dec21fac23310daf76dc19f246749e7beb48af03"
      }
    }
  }
}
